
Microsoft Visual Studio Solution File, Format Version 11.00
# Visual Studio 2010
Project("{FAE04EC0-301F-11D3-BF4B-00C04F79EFBC}") = "Assembly-CSharp", "Assembly-CSharp.csproj", "{55e16ea0-e804-163d-ebeb-5d57ecb41104}"
EndProject
Project("{FAE04EC0-301F-11D3-BF4B-00C04F79EFBC}") = "UniTask", "UniTask.csproj", "{b5547b1e-6fc1-7c8e-bbb4-6f720d617f6d}"
EndProject
Project("{FAE04EC0-301F-11D3-BF4B-00C04F79EFBC}") = "com.unity.animations.springbone", "com.unity.animations.springbone.csproj", "{658458c4-e74a-adc6-e1cb-10c7db343d69}"
EndProject
Project("{FAE04EC0-301F-11D3-BF4B-00C04F79EFBC}") = "UniRx", "UniRx.csproj", "{1669b38d-3833-2da7-6f37-bfc7358aee79}"
EndProject
Project("{FAE04EC0-301F-11D3-BF4B-00C04F79EFBC}") = "UniTask.Linq", "UniTask.Linq.csproj", "{7fcd1e90-fc81-a2c0-0d06-c7853ce0cfae}"
EndProject
Project("{FAE04EC0-301F-11D3-BF4B-00C04F79EFBC}") = "CFXRDemo", "CFXRDemo.csproj", "{722bd735-5577-489a-1666-fe0d6e87ad14}"
EndProject
Project("{FAE04EC0-301F-11D3-BF4B-00C04F79EFBC}") = "UniTask.DOTween", "UniTask.DOTween.csproj", "{a391066e-4f20-43e7-80a3-8cd0cd4e7704}"
EndProject
Project("{FAE04EC0-301F-11D3-BF4B-00C04F79EFBC}") = "CFXRRuntime", "CFXRRuntime.csproj", "{3514b836-825b-20ef-4c8f-4c7c4b40647a}"
EndProject
Project("{FAE04EC0-301F-11D3-BF4B-00C04F79EFBC}") = "Assembly-CSharp-firstpass", "Assembly-CSharp-firstpass.csproj", "{95107a6d-7a7c-293b-04fb-6a5dfb44a14c}"
EndProject
Project("{FAE04EC0-301F-11D3-BF4B-00C04F79EFBC}") = "UniTask.TextMeshPro", "UniTask.TextMeshPro.csproj", "{2f97ba19-56be-e9ad-4fc2-ce2137a7fb8e}"
EndProject
Project("{FAE04EC0-301F-11D3-BF4B-00C04F79EFBC}") = "Transition", "Transition.csproj", "{e23a356c-dcb2-ba75-120a-64f7feb83752}"
EndProject
Project("{FAE04EC0-301F-11D3-BF4B-00C04F79EFBC}") = "KinoBloom.Runtime", "KinoBloom.Runtime.csproj", "{534b6d9d-052a-9d19-e6a4-ae8fe30337fa}"
EndProject
Project("{FAE04EC0-301F-11D3-BF4B-00C04F79EFBC}") = "UniTask.Addressables", "UniTask.Addressables.csproj", "{762028aa-8b92-2340-2f10-bb9b67605c92}"
EndProject
Project("{FAE04EC0-301F-11D3-BF4B-00C04F79EFBC}") = "Assembly-CSharp-Editor", "Assembly-CSharp-Editor.csproj", "{365ebf89-08ef-b2c7-ae5f-2044be32119c}"
EndProject
Project("{FAE04EC0-301F-11D3-BF4B-00C04F79EFBC}") = "CFXREditor", "CFXREditor.csproj", "{235e2820-6d43-6d36-ccdd-a48519e7f7a0}"
EndProject
Project("{FAE04EC0-301F-11D3-BF4B-00C04F79EFBC}") = "UniTask.Editor", "UniTask.Editor.csproj", "{1c84e97b-39dd-9a75-74f8-7d569a1fe43d}"
EndProject
Project("{FAE04EC0-301F-11D3-BF4B-00C04F79EFBC}") = "ToonyColorsPro.Demo.Editor", "ToonyColorsPro.Demo.Editor.csproj", "{a27dd58c-5641-36dc-d643-db3a01a1070c}"
EndProject
Global
	GlobalSection(SolutionConfigurationPlatforms) = preSolution
		Debug|Any CPU = Debug|Any CPU
	EndGlobalSection
	GlobalSection(ProjectConfigurationPlatforms) = postSolution
		{55e16ea0-e804-163d-ebeb-5d57ecb41104}.Debug|Any CPU.ActiveCfg = Debug|Any CPU
		{55e16ea0-e804-163d-ebeb-5d57ecb41104}.Debug|Any CPU.Build.0 = Debug|Any CPU
		{b5547b1e-6fc1-7c8e-bbb4-6f720d617f6d}.Debug|Any CPU.ActiveCfg = Debug|Any CPU
		{b5547b1e-6fc1-7c8e-bbb4-6f720d617f6d}.Debug|Any CPU.Build.0 = Debug|Any CPU
		{658458c4-e74a-adc6-e1cb-10c7db343d69}.Debug|Any CPU.ActiveCfg = Debug|Any CPU
		{658458c4-e74a-adc6-e1cb-10c7db343d69}.Debug|Any CPU.Build.0 = Debug|Any CPU
		{1669b38d-3833-2da7-6f37-bfc7358aee79}.Debug|Any CPU.ActiveCfg = Debug|Any CPU
		{1669b38d-3833-2da7-6f37-bfc7358aee79}.Debug|Any CPU.Build.0 = Debug|Any CPU
		{7fcd1e90-fc81-a2c0-0d06-c7853ce0cfae}.Debug|Any CPU.ActiveCfg = Debug|Any CPU
		{7fcd1e90-fc81-a2c0-0d06-c7853ce0cfae}.Debug|Any CPU.Build.0 = Debug|Any CPU
		{722bd735-5577-489a-1666-fe0d6e87ad14}.Debug|Any CPU.ActiveCfg = Debug|Any CPU
		{722bd735-5577-489a-1666-fe0d6e87ad14}.Debug|Any CPU.Build.0 = Debug|Any CPU
		{a391066e-4f20-43e7-80a3-8cd0cd4e7704}.Debug|Any CPU.ActiveCfg = Debug|Any CPU
		{a391066e-4f20-43e7-80a3-8cd0cd4e7704}.Debug|Any CPU.Build.0 = Debug|Any CPU
		{3514b836-825b-20ef-4c8f-4c7c4b40647a}.Debug|Any CPU.ActiveCfg = Debug|Any CPU
		{3514b836-825b-20ef-4c8f-4c7c4b40647a}.Debug|Any CPU.Build.0 = Debug|Any CPU
		{95107a6d-7a7c-293b-04fb-6a5dfb44a14c}.Debug|Any CPU.ActiveCfg = Debug|Any CPU
		{95107a6d-7a7c-293b-04fb-6a5dfb44a14c}.Debug|Any CPU.Build.0 = Debug|Any CPU
		{2f97ba19-56be-e9ad-4fc2-ce2137a7fb8e}.Debug|Any CPU.ActiveCfg = Debug|Any CPU
		{2f97ba19-56be-e9ad-4fc2-ce2137a7fb8e}.Debug|Any CPU.Build.0 = Debug|Any CPU
		{e23a356c-dcb2-ba75-120a-64f7feb83752}.Debug|Any CPU.ActiveCfg = Debug|Any CPU
		{e23a356c-dcb2-ba75-120a-64f7feb83752}.Debug|Any CPU.Build.0 = Debug|Any CPU
		{534b6d9d-052a-9d19-e6a4-ae8fe30337fa}.Debug|Any CPU.ActiveCfg = Debug|Any CPU
		{534b6d9d-052a-9d19-e6a4-ae8fe30337fa}.Debug|Any CPU.Build.0 = Debug|Any CPU
		{762028aa-8b92-2340-2f10-bb9b67605c92}.Debug|Any CPU.ActiveCfg = Debug|Any CPU
		{762028aa-8b92-2340-2f10-bb9b67605c92}.Debug|Any CPU.Build.0 = Debug|Any CPU
		{365ebf89-08ef-b2c7-ae5f-2044be32119c}.Debug|Any CPU.ActiveCfg = Debug|Any CPU
		{365ebf89-08ef-b2c7-ae5f-2044be32119c}.Debug|Any CPU.Build.0 = Debug|Any CPU
		{235e2820-6d43-6d36-ccdd-a48519e7f7a0}.Debug|Any CPU.ActiveCfg = Debug|Any CPU
		{235e2820-6d43-6d36-ccdd-a48519e7f7a0}.Debug|Any CPU.Build.0 = Debug|Any CPU
		{1c84e97b-39dd-9a75-74f8-7d569a1fe43d}.Debug|Any CPU.ActiveCfg = Debug|Any CPU
		{1c84e97b-39dd-9a75-74f8-7d569a1fe43d}.Debug|Any CPU.Build.0 = Debug|Any CPU
		{a27dd58c-5641-36dc-d643-db3a01a1070c}.Debug|Any CPU.ActiveCfg = Debug|Any CPU
		{a27dd58c-5641-36dc-d643-db3a01a1070c}.Debug|Any CPU.Build.0 = Debug|Any CPU
	EndGlobalSection
	GlobalSection(SolutionProperties) = preSolution
		HideSolutionNode = FALSE
	EndGlobalSection
EndGlobal
